
Microsoft Visual Studio Solution File, Format Version 12.00
# Visual Studio Version 17
VisualStudioVersion = 17.8.34525.116
MinimumVisualStudioVersion = 10.0.40219.1
Project("{9A19103F-16F7-4668-BE54-9A1E7A4F7556}") = "ApiFetchAndCacheApp", "ApiFetchAndCacheApp\ApiFetchAndCacheApp.csproj", "{4CFDD5F6-20F8-4F8B-A58E-92E8ABB2952E}"
EndProject
Project("{FAE04EC0-301F-11D3-BF4B-00C04F79EFBC}") = "ApiFetchAndCacheTest", "ApiFetchAndCacheTest\ApiFetchAndCacheTest.csproj", "{4745A1B9-04AA-4798-BCFB-12524AE70B04}"
EndProject
Global
	GlobalSection(SolutionConfigurationPlatforms) = preSolution
		Debug|Any CPU = Debug|Any CPU
		Release|Any CPU = Release|Any CPU
	EndGlobalSection
	GlobalSection(ProjectConfigurationPlatforms) = postSolution
		{4CFDD5F6-20F8-4F8B-A58E-92E8ABB2952E}.Debug|Any CPU.ActiveCfg = Debug|Any CPU
		{4CFDD5F6-20F8-4F8B-A58E-92E8ABB2952E}.Debug|Any CPU.Build.0 = Debug|Any CPU
		{4CFDD5F6-20F8-4F8B-A58E-92E8ABB2952E}.Release|Any CPU.ActiveCfg = Release|Any CPU
		{4CFDD5F6-20F8-4F8B-A58E-92E8ABB2952E}.Release|Any CPU.Build.0 = Release|Any CPU
		{4745A1B9-04AA-4798-BCFB-12524AE70B04}.Debug|Any CPU.ActiveCfg = Debug|Any CPU
		{4745A1B9-04AA-4798-BCFB-12524AE70B04}.Debug|Any CPU.Build.0 = Debug|Any CPU
		{4745A1B9-04AA-4798-BCFB-12524AE70B04}.Release|Any CPU.ActiveCfg = Release|Any CPU
		{4745A1B9-04AA-4798-BCFB-12524AE70B04}.Release|Any CPU.Build.0 = Release|Any CPU
	EndGlobalSection
	GlobalSection(SolutionProperties) = preSolution
		HideSolutionNode = FALSE
	EndGlobalSection
	GlobalSection(ExtensibilityGlobals) = postSolution
		SolutionGuid = {91D017AE-E6A6-440D-9778-2660EA384E92}
	EndGlobalSection
EndGlobal
