
Microsoft Visual Studio Solution File, Format Version 12.00
# Visual Studio Version 17
VisualStudioVersion = 17.8.34525.116
MinimumVisualStudioVersion = 10.0.40219.1
Project("{9A19103F-16F7-4668-BE54-9A1E7A4F7556}") = "FetchPublicApiFunction", "FetchPublicApiFunction\FetchPublicApiFunction.csproj", "{ED87BD95-3216-4221-B44E-8BA8437C6ECF}"
EndProject
Project("{E53339B2-1760-4266-BCC7-CA923CBCF16C}") = "docker-compose", "docker-compose.dcproj", "{8D242922-DC5D-450B-B24F-2912761B3A67}"
EndProject
Global
	GlobalSection(SolutionConfigurationPlatforms) = preSolution
		Debug|Any CPU = Debug|Any CPU
		Release|Any CPU = Release|Any CPU
	EndGlobalSection
	GlobalSection(ProjectConfigurationPlatforms) = postSolution
		{ED87BD95-3216-4221-B44E-8BA8437C6ECF}.Debug|Any CPU.ActiveCfg = Debug|Any CPU
		{ED87BD95-3216-4221-B44E-8BA8437C6ECF}.Debug|Any CPU.Build.0 = Debug|Any CPU
		{ED87BD95-3216-4221-B44E-8BA8437C6ECF}.Release|Any CPU.ActiveCfg = Release|Any CPU
		{ED87BD95-3216-4221-B44E-8BA8437C6ECF}.Release|Any CPU.Build.0 = Release|Any CPU
		{8D242922-DC5D-450B-B24F-2912761B3A67}.Debug|Any CPU.ActiveCfg = Debug|Any CPU
		{8D242922-DC5D-450B-B24F-2912761B3A67}.Debug|Any CPU.Build.0 = Debug|Any CPU
		{8D242922-DC5D-450B-B24F-2912761B3A67}.Release|Any CPU.ActiveCfg = Release|Any CPU
		{8D242922-DC5D-450B-B24F-2912761B3A67}.Release|Any CPU.Build.0 = Release|Any CPU
	EndGlobalSection
	GlobalSection(SolutionProperties) = preSolution
		HideSolutionNode = FALSE
	EndGlobalSection
	GlobalSection(ExtensibilityGlobals) = postSolution
		SolutionGuid = {E5E2FA16-11A6-4EB1-A108-7F8709E5166D}
	EndGlobalSection
EndGlobal
