
Microsoft Visual Studio Solution File, Format Version 12.00
# Visual Studio Version 17
VisualStudioVersion = 17.8.34525.116
MinimumVisualStudioVersion = 10.0.40219.1
Project("{FAE04EC0-301F-11D3-BF4B-00C04F79EFBC}") = "ApiFetchAndCacheApp", "ApiFetchAndCacheApp\ApiFetchAndCacheApp.csproj", "{68F38D4B-D717-4DFD-9320-45A3DAE96AD5}"
EndProject
Project("{E53339B2-1760-4266-BCC7-CA923CBCF16C}") = "docker-compose", "docker-compose.dcproj", "{28207612-E399-4B4E-A1FE-2515E0B3C982}"
EndProject
Global
	GlobalSection(SolutionConfigurationPlatforms) = preSolution
		Debug|Any CPU = Debug|Any CPU
		Release|Any CPU = Release|Any CPU
	EndGlobalSection
	GlobalSection(ProjectConfigurationPlatforms) = postSolution
		{68F38D4B-D717-4DFD-9320-45A3DAE96AD5}.Debug|Any CPU.ActiveCfg = Debug|Any CPU
		{68F38D4B-D717-4DFD-9320-45A3DAE96AD5}.Debug|Any CPU.Build.0 = Debug|Any CPU
		{68F38D4B-D717-4DFD-9320-45A3DAE96AD5}.Release|Any CPU.ActiveCfg = Release|Any CPU
		{68F38D4B-D717-4DFD-9320-45A3DAE96AD5}.Release|Any CPU.Build.0 = Release|Any CPU
		{28207612-E399-4B4E-A1FE-2515E0B3C982}.Debug|Any CPU.ActiveCfg = Debug|Any CPU
		{28207612-E399-4B4E-A1FE-2515E0B3C982}.Debug|Any CPU.Build.0 = Debug|Any CPU
		{28207612-E399-4B4E-A1FE-2515E0B3C982}.Release|Any CPU.ActiveCfg = Release|Any CPU
		{28207612-E399-4B4E-A1FE-2515E0B3C982}.Release|Any CPU.Build.0 = Release|Any CPU
	EndGlobalSection
	GlobalSection(SolutionProperties) = preSolution
		HideSolutionNode = FALSE
	EndGlobalSection
	GlobalSection(ExtensibilityGlobals) = postSolution
		SolutionGuid = {E5E2FA16-11A6-4EB1-A108-7F8709E5166D}
	EndGlobalSection
EndGlobal
